
Microsoft Visual Studio Solution File, Format Version 12.00
# Visual Studio Version 17
VisualStudioVersion = 17.10.35004.147
MinimumVisualStudioVersion = 10.0.40219.1
Project("{9A19103F-16F7-4668-BE54-9A1E7A4F7556}") = "Lib", "ShapesLib\Lib.csproj", "{24CC3A32-7A4E-49ED-A996-D13ACE0AD557}"
EndProject
Project("{FAE04EC0-301F-11D3-BF4B-00C04F79EFBC}") = "LibTests", "LibTests\LibTests.csproj", "{BC44E988-2F1B-46F9-8AA0-1A135732E1BF}"
EndProject
Global
	GlobalSection(SolutionConfigurationPlatforms) = preSolution
		Debug|Any CPU = Debug|Any CPU
		Release|Any CPU = Release|Any CPU
	EndGlobalSection
	GlobalSection(ProjectConfigurationPlatforms) = postSolution
		{24CC3A32-7A4E-49ED-A996-D13ACE0AD557}.Debug|Any CPU.ActiveCfg = Debug|Any CPU
		{24CC3A32-7A4E-49ED-A996-D13ACE0AD557}.Debug|Any CPU.Build.0 = Debug|Any CPU
		{24CC3A32-7A4E-49ED-A996-D13ACE0AD557}.Release|Any CPU.ActiveCfg = Release|Any CPU
		{24CC3A32-7A4E-49ED-A996-D13ACE0AD557}.Release|Any CPU.Build.0 = Release|Any CPU
		{BC44E988-2F1B-46F9-8AA0-1A135732E1BF}.Debug|Any CPU.ActiveCfg = Debug|Any CPU
		{BC44E988-2F1B-46F9-8AA0-1A135732E1BF}.Debug|Any CPU.Build.0 = Debug|Any CPU
		{BC44E988-2F1B-46F9-8AA0-1A135732E1BF}.Release|Any CPU.ActiveCfg = Release|Any CPU
		{BC44E988-2F1B-46F9-8AA0-1A135732E1BF}.Release|Any CPU.Build.0 = Release|Any CPU
	EndGlobalSection
	GlobalSection(SolutionProperties) = preSolution
		HideSolutionNode = FALSE
	EndGlobalSection
	GlobalSection(ExtensibilityGlobals) = postSolution
		SolutionGuid = {639B7438-22C7-44D0-A7CE-63B7924E0CC1}
	EndGlobalSection
EndGlobal
